
Microsoft Visual Studio Solution File, Format Version 12.00
# Visual Studio Version 16
VisualStudioVersion = 16.0.31624.102
MinimumVisualStudioVersion = 10.0.40219.1
Project("{FAE04EC0-301F-11D3-BF4B-00C04F79EFBC}") = "U210910X1", "U210910X1\U210910X1.csproj", "{B3C9308F-1647-4371-9607-9DEE844222E5}"
EndProject
Global
	GlobalSection(SolutionConfigurationPlatforms) = preSolution
		Debug|Any CPU = Debug|Any CPU
		Release|Any CPU = Release|Any CPU
	EndGlobalSection
	GlobalSection(ProjectConfigurationPlatforms) = postSolution
		{B3C9308F-1647-4371-9607-9DEE844222E5}.Debug|Any CPU.ActiveCfg = Debug|Any CPU
		{B3C9308F-1647-4371-9607-9DEE844222E5}.Debug|Any CPU.Build.0 = Debug|Any CPU
		{B3C9308F-1647-4371-9607-9DEE844222E5}.Release|Any CPU.ActiveCfg = Release|Any CPU
		{B3C9308F-1647-4371-9607-9DEE844222E5}.Release|Any CPU.Build.0 = Release|Any CPU
	EndGlobalSection
	GlobalSection(SolutionProperties) = preSolution
		HideSolutionNode = FALSE
	EndGlobalSection
	GlobalSection(ExtensibilityGlobals) = postSolution
		SolutionGuid = {52B767E2-491F-484F-9CF9-7AFEB2050B31}
	EndGlobalSection
EndGlobal
